
Microsoft Visual Studio Solution File, Format Version 12.00
# Visual Studio 15
VisualStudioVersion = 15.0.28307.271
MinimumVisualStudioVersion = 10.0.40219.1
Project("{8BC9CEB8-8B4A-11D0-8D11-00A0C91BC942}") = "zd1", "zd1\zd1.vcxproj", "{AF8818E7-3C01-45B2-8D8E-7924B689D7D8}"
EndProject
Project("{8BC9CEB8-8B4A-11D0-8D11-00A0C91BC942}") = "zd2", "..\zd2\zd2.vcxproj", "{C93F90C1-7EEE-4444-9836-4C36821BC1FB}"
EndProject
Project("{8BC9CEB8-8B4A-11D0-8D11-00A0C91BC942}") = "zd3", "..\zd3\zd3.vcxproj", "{B96E6FB1-7012-4889-B081-15144447D0D5}"
EndProject
Global
	GlobalSection(SolutionConfigurationPlatforms) = preSolution
		Debug|x64 = Debug|x64
		Debug|x86 = Debug|x86
		Release|x64 = Release|x64
		Release|x86 = Release|x86
	EndGlobalSection
	GlobalSection(ProjectConfigurationPlatforms) = postSolution
		{AF8818E7-3C01-45B2-8D8E-7924B689D7D8}.Debug|x64.ActiveCfg = Debug|x64
		{AF8818E7-3C01-45B2-8D8E-7924B689D7D8}.Debug|x64.Build.0 = Debug|x64
		{AF8818E7-3C01-45B2-8D8E-7924B689D7D8}.Debug|x86.ActiveCfg = Debug|Win32
		{AF8818E7-3C01-45B2-8D8E-7924B689D7D8}.Debug|x86.Build.0 = Debug|Win32
		{AF8818E7-3C01-45B2-8D8E-7924B689D7D8}.Release|x64.ActiveCfg = Release|x64
		{AF8818E7-3C01-45B2-8D8E-7924B689D7D8}.Release|x64.Build.0 = Release|x64
		{AF8818E7-3C01-45B2-8D8E-7924B689D7D8}.Release|x86.ActiveCfg = Release|Win32
		{AF8818E7-3C01-45B2-8D8E-7924B689D7D8}.Release|x86.Build.0 = Release|Win32
		{C93F90C1-7EEE-4444-9836-4C36821BC1FB}.Debug|x64.ActiveCfg = Debug|x64
		{C93F90C1-7EEE-4444-9836-4C36821BC1FB}.Debug|x64.Build.0 = Debug|x64
		{C93F90C1-7EEE-4444-9836-4C36821BC1FB}.Debug|x86.ActiveCfg = Debug|Win32
		{C93F90C1-7EEE-4444-9836-4C36821BC1FB}.Debug|x86.Build.0 = Debug|Win32
		{C93F90C1-7EEE-4444-9836-4C36821BC1FB}.Release|x64.ActiveCfg = Release|x64
		{C93F90C1-7EEE-4444-9836-4C36821BC1FB}.Release|x64.Build.0 = Release|x64
		{C93F90C1-7EEE-4444-9836-4C36821BC1FB}.Release|x86.ActiveCfg = Release|Win32
		{C93F90C1-7EEE-4444-9836-4C36821BC1FB}.Release|x86.Build.0 = Release|Win32
		{B96E6FB1-7012-4889-B081-15144447D0D5}.Debug|x64.ActiveCfg = Debug|x64
		{B96E6FB1-7012-4889-B081-15144447D0D5}.Debug|x64.Build.0 = Debug|x64
		{B96E6FB1-7012-4889-B081-15144447D0D5}.Debug|x86.ActiveCfg = Debug|Win32
		{B96E6FB1-7012-4889-B081-15144447D0D5}.Debug|x86.Build.0 = Debug|Win32
		{B96E6FB1-7012-4889-B081-15144447D0D5}.Release|x64.ActiveCfg = Release|x64
		{B96E6FB1-7012-4889-B081-15144447D0D5}.Release|x64.Build.0 = Release|x64
		{B96E6FB1-7012-4889-B081-15144447D0D5}.Release|x86.ActiveCfg = Release|Win32
		{B96E6FB1-7012-4889-B081-15144447D0D5}.Release|x86.Build.0 = Release|Win32
	EndGlobalSection
	GlobalSection(SolutionProperties) = preSolution
		HideSolutionNode = FALSE
	EndGlobalSection
	GlobalSection(ExtensibilityGlobals) = postSolution
		SolutionGuid = {9BCA5FA5-61F4-4EF3-9011-662BEF54B48B}
	EndGlobalSection
EndGlobal
