
Microsoft Visual Studio Solution File, Format Version 12.00
# Visual Studio 15
VisualStudioVersion = 15.0.28307.572
MinimumVisualStudioVersion = 10.0.40219.1
Project("{FAE04EC0-301F-11D3-BF4B-00C04F79EFBC}") = "laba17", "laba17.csproj", "{065F318D-247A-4587-A805-0A62F9CBDE4F}"
EndProject
Project("{FAE04EC0-301F-11D3-BF4B-00C04F79EFBC}") = "trykutn", "trykutn\trykutn.csproj", "{9B8E7398-AAE1-4310-B2D0-CAC9D3776292}"
EndProject
Project("{FAE04EC0-301F-11D3-BF4B-00C04F79EFBC}") = "grafiks", "..\laba 17\grafiks\grafiks.csproj", "{03B11115-EAA4-45C6-A6E0-17CCB4A0CF49}"
EndProject
Global
	GlobalSection(SolutionConfigurationPlatforms) = preSolution
		Debug|Any CPU = Debug|Any CPU
		Release|Any CPU = Release|Any CPU
	EndGlobalSection
	GlobalSection(ProjectConfigurationPlatforms) = postSolution
		{065F318D-247A-4587-A805-0A62F9CBDE4F}.Debug|Any CPU.ActiveCfg = Debug|Any CPU
		{065F318D-247A-4587-A805-0A62F9CBDE4F}.Debug|Any CPU.Build.0 = Debug|Any CPU
		{065F318D-247A-4587-A805-0A62F9CBDE4F}.Release|Any CPU.ActiveCfg = Release|Any CPU
		{065F318D-247A-4587-A805-0A62F9CBDE4F}.Release|Any CPU.Build.0 = Release|Any CPU
		{9B8E7398-AAE1-4310-B2D0-CAC9D3776292}.Debug|Any CPU.ActiveCfg = Debug|Any CPU
		{9B8E7398-AAE1-4310-B2D0-CAC9D3776292}.Debug|Any CPU.Build.0 = Debug|Any CPU
		{9B8E7398-AAE1-4310-B2D0-CAC9D3776292}.Release|Any CPU.ActiveCfg = Release|Any CPU
		{9B8E7398-AAE1-4310-B2D0-CAC9D3776292}.Release|Any CPU.Build.0 = Release|Any CPU
		{03B11115-EAA4-45C6-A6E0-17CCB4A0CF49}.Debug|Any CPU.ActiveCfg = Debug|Any CPU
		{03B11115-EAA4-45C6-A6E0-17CCB4A0CF49}.Debug|Any CPU.Build.0 = Debug|Any CPU
		{03B11115-EAA4-45C6-A6E0-17CCB4A0CF49}.Release|Any CPU.ActiveCfg = Release|Any CPU
		{03B11115-EAA4-45C6-A6E0-17CCB4A0CF49}.Release|Any CPU.Build.0 = Release|Any CPU
	EndGlobalSection
	GlobalSection(SolutionProperties) = preSolution
		HideSolutionNode = FALSE
	EndGlobalSection
	GlobalSection(ExtensibilityGlobals) = postSolution
		SolutionGuid = {E6BD76EB-44E6-4121-B886-DFF72BB891BA}
	EndGlobalSection
EndGlobal
