
Microsoft Visual Studio Solution File, Format Version 12.00
# Visual Studio 15
VisualStudioVersion = 15.0.28307.168
MinimumVisualStudioVersion = 10.0.40219.1
Project("{8BC9CEB8-8B4A-11D0-8D11-00A0C91BC942}") = "z1", "z1\z1.vcxproj", "{9DA10840-0B63-48A7-AE8D-C46956AFCF2C}"
EndProject
Project("{8BC9CEB8-8B4A-11D0-8D11-00A0C91BC942}") = "z2", "..\z2\z2.vcxproj", "{7461867A-26C2-49A8-A4AF-ED16658F5F61}"
EndProject
Global
	GlobalSection(SolutionConfigurationPlatforms) = preSolution
		Debug|x64 = Debug|x64
		Debug|x86 = Debug|x86
		Release|x64 = Release|x64
		Release|x86 = Release|x86
	EndGlobalSection
	GlobalSection(ProjectConfigurationPlatforms) = postSolution
		{9DA10840-0B63-48A7-AE8D-C46956AFCF2C}.Debug|x64.ActiveCfg = Debug|x64
		{9DA10840-0B63-48A7-AE8D-C46956AFCF2C}.Debug|x64.Build.0 = Debug|x64
		{9DA10840-0B63-48A7-AE8D-C46956AFCF2C}.Debug|x86.ActiveCfg = Debug|Win32
		{9DA10840-0B63-48A7-AE8D-C46956AFCF2C}.Debug|x86.Build.0 = Debug|Win32
		{9DA10840-0B63-48A7-AE8D-C46956AFCF2C}.Release|x64.ActiveCfg = Release|x64
		{9DA10840-0B63-48A7-AE8D-C46956AFCF2C}.Release|x64.Build.0 = Release|x64
		{9DA10840-0B63-48A7-AE8D-C46956AFCF2C}.Release|x86.ActiveCfg = Release|Win32
		{9DA10840-0B63-48A7-AE8D-C46956AFCF2C}.Release|x86.Build.0 = Release|Win32
		{7461867A-26C2-49A8-A4AF-ED16658F5F61}.Debug|x64.ActiveCfg = Debug|x64
		{7461867A-26C2-49A8-A4AF-ED16658F5F61}.Debug|x64.Build.0 = Debug|x64
		{7461867A-26C2-49A8-A4AF-ED16658F5F61}.Debug|x86.ActiveCfg = Debug|Win32
		{7461867A-26C2-49A8-A4AF-ED16658F5F61}.Debug|x86.Build.0 = Debug|Win32
		{7461867A-26C2-49A8-A4AF-ED16658F5F61}.Release|x64.ActiveCfg = Release|x64
		{7461867A-26C2-49A8-A4AF-ED16658F5F61}.Release|x64.Build.0 = Release|x64
		{7461867A-26C2-49A8-A4AF-ED16658F5F61}.Release|x86.ActiveCfg = Release|Win32
		{7461867A-26C2-49A8-A4AF-ED16658F5F61}.Release|x86.Build.0 = Release|Win32
	EndGlobalSection
	GlobalSection(SolutionProperties) = preSolution
		HideSolutionNode = FALSE
	EndGlobalSection
	GlobalSection(ExtensibilityGlobals) = postSolution
		SolutionGuid = {F60ACC59-F4F6-4849-9EC0-D17484921EA8}
	EndGlobalSection
EndGlobal
